
Microsoft Visual Studio Solution File, Format Version 12.00
# Visual Studio Version 16
VisualStudioVersion = 16.0.32630.194
MinimumVisualStudioVersion = 10.0.40219.1
Project("{FAE04EC0-301F-11D3-BF4B-00C04F79EFBC}") = "MinhaAPPVS", "MinhaAPPVS.csproj", "{E4AB58B3-9A1D-4F9C-854A-F6A9184F69CD}"
EndProject
Global
	GlobalSection(SolutionConfigurationPlatforms) = preSolution
		Debug|Any CPU = Debug|Any CPU
		Release|Any CPU = Release|Any CPU
	EndGlobalSection
	GlobalSection(ProjectConfigurationPlatforms) = postSolution
		{E4AB58B3-9A1D-4F9C-854A-F6A9184F69CD}.Debug|Any CPU.ActiveCfg = Debug|Any CPU
		{E4AB58B3-9A1D-4F9C-854A-F6A9184F69CD}.Debug|Any CPU.Build.0 = Debug|Any CPU
		{E4AB58B3-9A1D-4F9C-854A-F6A9184F69CD}.Release|Any CPU.ActiveCfg = Release|Any CPU
		{E4AB58B3-9A1D-4F9C-854A-F6A9184F69CD}.Release|Any CPU.Build.0 = Release|Any CPU
	EndGlobalSection
	GlobalSection(SolutionProperties) = preSolution
		HideSolutionNode = FALSE
	EndGlobalSection
	GlobalSection(ExtensibilityGlobals) = postSolution
		SolutionGuid = {865DAB11-A985-4CC9-9540-A9F40EBDCDF5}
	EndGlobalSection
EndGlobal
